// !$*UTF8*$!
{
	archiveVersion = 1;
	classes = {
	};
	objectVersion = 56;
	objects = {

/* Begin PBXBuildFile section */
		4DD07D2929015FA900823843 /* AppDelegate.swift in Sources */ = {isa = PBXBuildFile; fileRef = 4DD07D2829015FA900823843 /* AppDelegate.swift */; };
		4DD07D2B29015FA900823843 /* SceneDelegate.swift in Sources */ = {isa = PBXBuildFile; fileRef = 4DD07D2A29015FA900823843 /* SceneDelegate.swift */; };
		4DD07D2D29015FA900823843 /* MapViewController.swift in Sources */ = {isa = PBXBuildFile; fileRef = 4DD07D2C29015FA900823843 /* MapViewController.swift */; };
		4DD07D3029015FA900823843 /* Main.storyboard in Resources */ = {isa = PBXBuildFile; fileRef = 4DD07D2E29015FA900823843 /* Main.storyboard */; };
		4DD07D3329015FA900823843 /* SaveMyPlace.xcdatamodeld in Sources */ = {isa = PBXBuildFile; fileRef = 4DD07D3129015FA900823843 /* SaveMyPlace.xcdatamodeld */; };
		4DD07D3529015FAA00823843 /* Assets.xcassets in Resources */ = {isa = PBXBuildFile; fileRef = 4DD07D3429015FAA00823843 /* Assets.xcassets */; };
		4DD07D3829015FAA00823843 /* LaunchScreen.storyboard in Resources */ = {isa = PBXBuildFile; fileRef = 4DD07D3629015FAA00823843 /* LaunchScreen.storyboard */; };
		4DD07D4029047A8000823843 /* SaveInformationViewController.swift in Sources */ = {isa = PBXBuildFile; fileRef = 4DD07D3F29047A8000823843 /* SaveInformationViewController.swift */; };
		4DD07D422904832000823843 /* PlaceSavedViewController.swift in Sources */ = {isa = PBXBuildFile; fileRef = 4DD07D412904832000823843 /* PlaceSavedViewController.swift */; };
		4DD07D4B290485E200823843 /* PlaceTableViewCell.swift in Sources */ = {isa = PBXBuildFile; fileRef = 4DD07D49290485E200823843 /* PlaceTableViewCell.swift */; };
		4DD07D4C290485E200823843 /* PlaceTableViewCell.xib in Resources */ = {isa = PBXBuildFile; fileRef = 4DD07D4A290485E200823843 /* PlaceTableViewCell.xib */; };
/* End PBXBuildFile section */

/* Begin PBXFileReference section */
		4DD07D2529015FA900823843 /* SaveMyPlace.app */ = {isa = PBXFileReference; explicitFileType = wrapper.application; includeInIndex = 0; path = SaveMyPlace.app; sourceTree = BUILT_PRODUCTS_DIR; };
		4DD07D2829015FA900823843 /* AppDelegate.swift */ = {isa = PBXFileReference; lastKnownFileType = sourcecode.swift; path = AppDelegate.swift; sourceTree = "<group>"; };
		4DD07D2A29015FA900823843 /* SceneDelegate.swift */ = {isa = PBXFileReference; lastKnownFileType = sourcecode.swift; path = SceneDelegate.swift; sourceTree = "<group>"; };
		4DD07D2C29015FA900823843 /* MapViewController.swift */ = {isa = PBXFileReference; lastKnownFileType = sourcecode.swift; path = MapViewController.swift; sourceTree = "<group>"; };
		4DD07D2F29015FA900823843 /* Base */ = {isa = PBXFileReference; lastKnownFileType = file.storyboard; name = Base; path = Base.lproj/Main.storyboard; sourceTree = "<group>"; };
		4DD07D3229015FA900823843 /* SaveMyPlace.xcdatamodel */ = {isa = PBXFileReference; lastKnownFileType = wrapper.xcdatamodel; path = SaveMyPlace.xcdatamodel; sourceTree = "<group>"; };
		4DD07D3429015FAA00823843 /* Assets.xcassets */ = {isa = PBXFileReference; lastKnownFileType = folder.assetcatalog; path = Assets.xcassets; sourceTree = "<group>"; };
		4DD07D3729015FAA00823843 /* Base */ = {isa = PBXFileReference; lastKnownFileType = file.storyboard; name = Base; path = Base.lproj/LaunchScreen.storyboard; sourceTree = "<group>"; };
		4DD07D3929015FAA00823843 /* Info.plist */ = {isa = PBXFileReference; lastKnownFileType = text.plist.xml; path = Info.plist; sourceTree = "<group>"; };
		4DD07D3F29047A8000823843 /* SaveInformationViewController.swift */ = {isa = PBXFileReference; lastKnownFileType = sourcecode.swift; path = SaveInformationViewController.swift; sourceTree = "<group>"; };
		4DD07D412904832000823843 /* PlaceSavedViewController.swift */ = {isa = PBXFileReference; lastKnownFileType = sourcecode.swift; path = PlaceSavedViewController.swift; sourceTree = "<group>"; };
		4DD07D49290485E200823843 /* PlaceTableViewCell.swift */ = {isa = PBXFileReference; lastKnownFileType = sourcecode.swift; path = PlaceTableViewCell.swift; sourceTree = "<group>"; };
		4DD07D4A290485E200823843 /* PlaceTableViewCell.xib */ = {isa = PBXFileReference; lastKnownFileType = file.xib; path = PlaceTableViewCell.xib; sourceTree = "<group>"; };
/* End PBXFileReference section */

/* Begin PBXFrameworksBuildPhase section */
		4DD07D2229015FA900823843 /* Frameworks */ = {
			isa = PBXFrameworksBuildPhase;
			buildActionMask = 2147483647;
			files = (
			);
			runOnlyForDeploymentPostprocessing = 0;
		};
/* End PBXFrameworksBuildPhase section */

/* Begin PBXGroup section */
		4DD07D1C29015FA900823843 = {
			isa = PBXGroup;
			children = (
				4DD07D2729015FA900823843 /* SaveMyPlace */,
				4DD07D2629015FA900823843 /* Products */,
			);
			sourceTree = "<group>";
		};
		4DD07D2629015FA900823843 /* Products */ = {
			isa = PBXGroup;
			children = (
				4DD07D2529015FA900823843 /* SaveMyPlace.app */,
			);
			name = Products;
			sourceTree = "<group>";
		};
		4DD07D2729015FA900823843 /* SaveMyPlace */ = {
			isa = PBXGroup;
			children = (
				4DD07D2829015FA900823843 /* AppDelegate.swift */,
				4DD07D2A29015FA900823843 /* SceneDelegate.swift */,
				4DD07D432904858800823843 /* View */,
				4DD07D44290485A400823843 /* StoryBoard */,
				4DD07D3929015FAA00823843 /* Info.plist */,
				4DD07D3129015FA900823843 /* SaveMyPlace.xcdatamodeld */,
			);
			path = SaveMyPlace;
			sourceTree = "<group>";
		};
		4DD07D432904858800823843 /* View */ = {
			isa = PBXGroup;
			children = (
				4DD07D2C29015FA900823843 /* MapViewController.swift */,
				4DD07D3F29047A8000823843 /* SaveInformationViewController.swift */,
				4DD07D412904832000823843 /* PlaceSavedViewController.swift */,
			);
			path = View;
			sourceTree = "<group>";
		};
		4DD07D44290485A400823843 /* StoryBoard */ = {
			isa = PBXGroup;
			children = (
				4DD07D3429015FAA00823843 /* Assets.xcassets */,
				4DD07D2E29015FA900823843 /* Main.storyboard */,
				4DD07D49290485E200823843 /* PlaceTableViewCell.swift */,
				4DD07D4A290485E200823843 /* PlaceTableViewCell.xib */,
				4DD07D3629015FAA00823843 /* LaunchScreen.storyboard */,
			);
			path = StoryBoard;
			sourceTree = "<group>";
		};
/* End PBXGroup section */

/* Begin PBXNativeTarget section */
		4DD07D2429015FA900823843 /* SaveMyPlace */ = {
			isa = PBXNativeTarget;
			buildConfigurationList = 4DD07D3C29015FAA00823843 /* Build configuration list for PBXNativeTarget "SaveMyPlace" */;
			buildPhases = (
				4DD07D2129015FA900823843 /* Sources */,
				4DD07D2229015FA900823843 /* Frameworks */,
				4DD07D2329015FA900823843 /* Resources */,
			);
			buildRules = (
			);
			dependencies = (
			);
			name = SaveMyPlace;
			productName = SaveMyPlace;
			productReference = 4DD07D2529015FA900823843 /* SaveMyPlace.app */;
			productType = "com.apple.product-type.application";
		};
/* End PBXNativeTarget section */

/* Begin PBXProject section */
		4DD07D1D29015FA900823843 /* Project object */ = {
			isa = PBXProject;
			attributes = {
				BuildIndependentTargetsInParallel = 1;
				LastSwiftUpdateCheck = 1400;
				LastUpgradeCheck = 1400;
				TargetAttributes = {
					4DD07D2429015FA900823843 = {
						CreatedOnToolsVersion = 14.0.1;
					};
				};
			};
			buildConfigurationList = 4DD07D2029015FA900823843 /* Build configuration list for PBXProject "SaveMyPlace" */;
			compatibilityVersion = "Xcode 14.0";
			developmentRegion = en;
			hasScannedForEncodings = 0;
			knownRegions = (
				en,
				Base,
			);
			mainGroup = 4DD07D1C29015FA900823843;
			productRefGroup = 4DD07D2629015FA900823843 /* Products */;
			projectDirPath = "";
			projectRoot = "";
			targets = (
				4DD07D2429015FA900823843 /* SaveMyPlace */,
			);
		};
/* End PBXProject section */

/* Begin PBXResourcesBuildPhase section */
		4DD07D2329015FA900823843 /* Resources */ = {
			isa = PBXResourcesBuildPhase;
			buildActionMask = 2147483647;
			files = (
				4DD07D3829015FAA00823843 /* LaunchScreen.storyboard in Resources */,
				4DD07D3529015FAA00823843 /* Assets.xcassets in Resources */,
				4DD07D3029015FA900823843 /* Main.storyboard in Resources */,
				4DD07D4C290485E200823843 /* PlaceTableViewCell.xib in Resources */,
			);
			runOnlyForDeploymentPostprocessing = 0;
		};
/* End PBXResourcesBuildPhase section */

/* Begin PBXSourcesBuildPhase section */
		4DD07D2129015FA900823843 /* Sources */ = {
			isa = PBXSourcesBuildPhase;
			buildActionMask = 2147483647;
			files = (
				4DD07D422904832000823843 /* PlaceSavedViewController.swift in Sources */,
				4DD07D2D29015FA900823843 /* MapViewController.swift in Sources */,
				4DD07D2929015FA900823843 /* AppDelegate.swift in Sources */,
				4DD07D4B290485E200823843 /* PlaceTableViewCell.swift in Sources */,
				4DD07D4029047A8000823843 /* SaveInformationViewController.swift in Sources */,
				4DD07D3329015FA900823843 /* SaveMyPlace.xcdatamodeld in Sources */,
				4DD07D2B29015FA900823843 /* SceneDelegate.swift in Sources */,
			);
			runOnlyForDeploymentPostprocessing = 0;
		};
/* End PBXSourcesBuildPhase section */

/* Begin PBXVariantGroup section */
		4DD07D2E29015FA900823843 /* Main.storyboard */ = {
			isa = PBXVariantGroup;
			children = (
				4DD07D2F29015FA900823843 /* Base */,
			);
			name = Main.storyboard;
			sourceTree = "<group>";
		};
		4DD07D3629015FAA00823843 /* LaunchScreen.storyboard */ = {
			isa = PBXVariantGroup;
			children = (
				4DD07D3729015FAA00823843 /* Base */,
			);
			name = LaunchScreen.storyboard;
			sourceTree = "<group>";
		};
/* End PBXVariantGroup section */

/* Begin XCBuildConfiguration section */
		4DD07D3A29015FAA00823843 /* Debug */ = {
			isa = XCBuildConfiguration;
			buildSettings = {
				ALWAYS_SEARCH_USER_PATHS = NO;
				CLANG_ANALYZER_NONNULL = YES;
				CLANG_ANALYZER_NUMBER_OBJECT_CONVERSION = YES_AGGRESSIVE;
				CLANG_CXX_LANGUAGE_STANDARD = "gnu++20";
				CLANG_ENABLE_MODULES = YES;
				CLANG_ENABLE_OBJC_ARC = YES;
				CLANG_ENABLE_OBJC_WEAK = YES;
				CLANG_WARN_BLOCK_CAPTURE_AUTORELEASING = YES;
				CLANG_WARN_BOOL_CONVERSION = YES;
				CLANG_WARN_COMMA = YES;
				CLANG_WARN_CONSTANT_CONVERSION = YES;
				CLANG_WARN_DEPRECATED_OBJC_IMPLEMENTATIONS = YES;
				CLANG_WARN_DIRECT_OBJC_ISA_USAGE = YES_ERROR;
				CLANG_WARN_DOCUMENTATION_COMMENTS = YES;
				CLANG_WARN_EMPTY_BODY = YES;
				CLANG_WARN_ENUM_CONVERSION = YES;
				CLANG_WARN_INFINITE_RECURSION = YES;
				CLANG_WARN_INT_CONVERSION = YES;
				CLANG_WARN_NON_LITERAL_NULL_CONVERSION = YES;
				CLANG_WARN_OBJC_IMPLICIT_RETAIN_SELF = YES;
				CLANG_WARN_OBJC_LITERAL_CONVERSION = YES;
				CLANG_WARN_OBJC_ROOT_CLASS = YES_ERROR;
				CLANG_WARN_QUOTED_INCLUDE_IN_FRAMEWORK_HEADER = YES;
				CLANG_WARN_RANGE_LOOP_ANALYSIS = YES;
				CLANG_WARN_STRICT_PROTOTYPES = YES;
				CLANG_WARN_SUSPICIOUS_MOVE = YES;
				CLANG_WARN_UNGUARDED_AVAILABILITY = YES_AGGRESSIVE;
				CLANG_WARN_UNREACHABLE_CODE = YES;
				CLANG_WARN__DUPLICATE_METHOD_MATCH = YES;
				COPY_PHASE_STRIP = NO;
				DEBUG_INFORMATION_FORMAT = dwarf;
				ENABLE_STRICT_OBJC_MSGSEND = YES;
				ENABLE_TESTABILITY = YES;
				GCC_C_LANGUAGE_STANDARD = gnu11;
				GCC_DYNAMIC_NO_PIC = NO;
				GCC_NO_COMMON_BLOCKS = YES;
				GCC_OPTIMIZATION_LEVEL = 0;
				GCC_PREPROCESSOR_DEFINITIONS = (
					"DEBUG=1",
					"$(inherited)",
				);
				GCC_WARN_64_TO_32_BIT_CONVERSION = YES;
				GCC_WARN_ABOUT_RETURN_TYPE = YES_ERROR;
				GCC_WARN_UNDECLARED_SELECTOR = YES;
				GCC_WARN_UNINITIALIZED_AUTOS = YES_AGGRESSIVE;
				GCC_WARN_UNUSED_FUNCTION = YES;
				GCC_WARN_UNUSED_VARIABLE = YES;
				IPHONEOS_DEPLOYMENT_TARGET = 15.6;
				MTL_ENABLE_DEBUG_INFO = INCLUDE_SOURCE;
				MTL_FAST_MATH = YES;
				ONLY_ACTIVE_ARCH = YES;
				SDKROOT = iphoneos;
				SWIFT_ACTIVE_COMPILATION_CONDITIONS = DEBUG;
				SWIFT_OPTIMIZATION_LEVEL = "-Onone";
			};
			name = Debug;
		};
		4DD07D3B29015FAA00823843 /* Release */ = {
			isa = XCBuildConfiguration;
			buildSettings = {
				ALWAYS_SEARCH_USER_PATHS = NO;
				CLANG_ANALYZER_NONNULL = YES;
				CLANG_ANALYZER_NUMBER_OBJECT_CONVERSION = YES_AGGRESSIVE;
				CLANG_CXX_LANGUAGE_STANDARD = "gnu++20";
				CLANG_ENABLE_MODULES = YES;
				CLANG_ENABLE_OBJC_ARC = YES;
				CLANG_ENABLE_OBJC_WEAK = YES;
				CLANG_WARN_BLOCK_CAPTURE_AUTORELEASING = YES;
				CLANG_WARN_BOOL_CONVERSION = YES;
				CLANG_WARN_COMMA = YES;
				CLANG_WARN_CONSTANT_CONVERSION = YES;
				CLANG_WARN_DEPRECATED_OBJC_IMPLEMENTATIONS = YES;
				CLANG_WARN_DIRECT_OBJC_ISA_USAGE = YES_ERROR;
				CLANG_WARN_DOCUMENTATION_COMMENTS = YES;
				CLANG_WARN_EMPTY_BODY = YES;
				CLANG_WARN_ENUM_CONVERSION = YES;
				CLANG_WARN_INFINITE_RECURSION = YES;
				CLANG_WARN_INT_CONVERSION = YES;
				CLANG_WARN_NON_LITERAL_NULL_CONVERSION = YES;
				CLANG_WARN_OBJC_IMPLICIT_RETAIN_SELF = YES;
				CLANG_WARN_OBJC_LITERAL_CONVERSION = YES;
				CLANG_WARN_OBJC_ROOT_CLASS = YES_ERROR;
				CLANG_WARN_QUOTED_INCLUDE_IN_FRAMEWORK_HEADER = YES;
				CLANG_WARN_RANGE_LOOP_ANALYSIS = YES;
				CLANG_WARN_STRICT_PROTOTYPES = YES;
				CLANG_WARN_SUSPICIOUS_MOVE = YES;
				CLANG_WARN_UNGUARDED_AVAILABILITY = YES_AGGRESSIVE;
				CLANG_WARN_UNREACHABLE_CODE = YES;
				CLANG_WARN__DUPLICATE_METHOD_MATCH = YES;
				COPY_PHASE_STRIP = NO;
				DEBUG_INFORMATION_FORMAT = "dwarf-with-dsym";
				ENABLE_NS_ASSERTIONS = NO;
				ENABLE_STRICT_OBJC_MSGSEND = YES;
				GCC_C_LANGUAGE_STANDARD = gnu11;
				GCC_NO_COMMON_BLOCKS = YES;
				GCC_WARN_64_TO_32_BIT_CONVERSION = YES;
				GCC_WARN_ABOUT_RETURN_TYPE = YES_ERROR;
				GCC_WARN_UNDECLARED_SELECTOR = YES;
				GCC_WARN_UNINITIALIZED_AUTOS = YES_AGGRESSIVE;
				GCC_WARN_UNUSED_FUNCTION = YES;
				GCC_WARN_UNUSED_VARIABLE = YES;
				IPHONEOS_DEPLOYMENT_TARGET = 15.6;
				MTL_ENABLE_DEBUG_INFO = NO;
				MTL_FAST_MATH = YES;
				SDKROOT = iphoneos;
				SWIFT_COMPILATION_MODE = wholemodule;
				SWIFT_OPTIMIZATION_LEVEL = "-O";
				VALIDATE_PRODUCT = YES;
			};
			name = Release;
		};
		4DD07D3D29015FAA00823843 /* Debug */ = {
			isa = XCBuildConfiguration;
			buildSettings = {
				ASSETCATALOG_COMPILER_APPICON_NAME = AppIcon;
				ASSETCATALOG_COMPILER_GLOBAL_ACCENT_COLOR_NAME = AccentColor;
				CODE_SIGN_STYLE = Automatic;
				CURRENT_PROJECT_VERSION = 1;
				DEVELOPMENT_TEAM = 2MSLYVU6K6;
				GENERATE_INFOPLIST_FILE = YES;
				INFOPLIST_FILE = SaveMyPlace/Info.plist;
				INFOPLIST_KEY_NSCameraUsageDescription = "This app wants take picture";
				INFOPLIST_KEY_NSLocationWhenInUseUsageDescription = "Need Location for this App";
				INFOPLIST_KEY_NSPhotoLibraryUsageDescription = "This app wants to use your photos";
				INFOPLIST_KEY_UIApplicationSupportsIndirectInputEvents = YES;
				INFOPLIST_KEY_UILaunchStoryboardName = LaunchScreen;
				INFOPLIST_KEY_UIMainStoryboardFile = Main;
				INFOPLIST_KEY_UISupportedInterfaceOrientations_iPad = "UIInterfaceOrientationPortrait UIInterfaceOrientationPortraitUpsideDown UIInterfaceOrientationLandscapeLeft UIInterfaceOrientationLandscapeRight";
				INFOPLIST_KEY_UISupportedInterfaceOrientations_iPhone = "UIInterfaceOrientationPortrait UIInterfaceOrientationLandscapeLeft UIInterfaceOrientationLandscapeRight";
				IPHONEOS_DEPLOYMENT_TARGET = 15.6;
				LD_RUNPATH_SEARCH_PATHS = (
					"$(inherited)",
					"@executable_path/Frameworks",
				);
				MARKETING_VERSION = 1.0;
				PRODUCT_BUNDLE_IDENTIFIER = rodolphe.schnetzer.SaveMyPlace;
				PRODUCT_NAME = "$(TARGET_NAME)";
				SUPPORTED_PLATFORMS = "iphoneos iphonesimulator";
				SUPPORTS_MACCATALYST = NO;
				SUPPORTS_MAC_DESIGNED_FOR_IPHONE_IPAD = NO;
				SWIFT_EMIT_LOC_STRINGS = YES;
				SWIFT_VERSION = 5.0;
				TARGETED_DEVICE_FAMILY = 1;
			};
			name = Debug;
		};
		4DD07D3E29015FAA00823843 /* Release */ = {
			isa = XCBuildConfiguration;
			buildSettings = {
				ASSETCATALOG_COMPILER_APPICON_NAME = AppIcon;
				ASSETCATALOG_COMPILER_GLOBAL_ACCENT_COLOR_NAME = AccentColor;
				CODE_SIGN_STYLE = Automatic;
				CURRENT_PROJECT_VERSION = 1;
				DEVELOPMENT_TEAM = 2MSLYVU6K6;
				GENERATE_INFOPLIST_FILE = YES;
				INFOPLIST_FILE = SaveMyPlace/Info.plist;
				INFOPLIST_KEY_NSCameraUsageDescription = "This app wants take picture";
				INFOPLIST_KEY_NSLocationWhenInUseUsageDescription = "Need Location for this App";
				INFOPLIST_KEY_NSPhotoLibraryUsageDescription = "This app wants to use your photos";
				INFOPLIST_KEY_UIApplicationSupportsIndirectInputEvents = YES;
				INFOPLIST_KEY_UILaunchStoryboardName = LaunchScreen;
				INFOPLIST_KEY_UIMainStoryboardFile = Main;
				INFOPLIST_KEY_UISupportedInterfaceOrientations_iPad = "UIInterfaceOrientationPortrait UIInterfaceOrientationPortraitUpsideDown UIInterfaceOrientationLandscapeLeft UIInterfaceOrientationLandscapeRight";
				INFOPLIST_KEY_UISupportedInterfaceOrientations_iPhone = "UIInterfaceOrientationPortrait UIInterfaceOrientationLandscapeLeft UIInterfaceOrientationLandscapeRight";
				IPHONEOS_DEPLOYMENT_TARGET = 15.6;
				LD_RUNPATH_SEARCH_PATHS = (
					"$(inherited)",
					"@executable_path/Frameworks",
				);
				MARKETING_VERSION = 1.0;
				PRODUCT_BUNDLE_IDENTIFIER = rodolphe.schnetzer.SaveMyPlace;
				PRODUCT_NAME = "$(TARGET_NAME)";
				SUPPORTED_PLATFORMS = "iphoneos iphonesimulator";
				SUPPORTS_MACCATALYST = NO;
				SUPPORTS_MAC_DESIGNED_FOR_IPHONE_IPAD = NO;
				SWIFT_EMIT_LOC_STRINGS = YES;
				SWIFT_VERSION = 5.0;
				TARGETED_DEVICE_FAMILY = 1;
			};
			name = Release;
		};
/* End XCBuildConfiguration section */

/* Begin XCConfigurationList section */
		4DD07D2029015FA900823843 /* Build configuration list for PBXProject "SaveMyPlace" */ = {
			isa = XCConfigurationList;
			buildConfigurations = (
				4DD07D3A29015FAA00823843 /* Debug */,
				4DD07D3B29015FAA00823843 /* Release */,
			);
			defaultConfigurationIsVisible = 0;
			defaultConfigurationName = Release;
		};
		4DD07D3C29015FAA00823843 /* Build configuration list for PBXNativeTarget "SaveMyPlace" */ = {
			isa = XCConfigurationList;
			buildConfigurations = (
				4DD07D3D29015FAA00823843 /* Debug */,
				4DD07D3E29015FAA00823843 /* Release */,
			);
			defaultConfigurationIsVisible = 0;
			defaultConfigurationName = Release;
		};
/* End XCConfigurationList section */

/* Begin XCVersionGroup section */
		4DD07D3129015FA900823843 /* SaveMyPlace.xcdatamodeld */ = {
			isa = XCVersionGroup;
			children = (
				4DD07D3229015FA900823843 /* SaveMyPlace.xcdatamodel */,
			);
			currentVersion = 4DD07D3229015FA900823843 /* SaveMyPlace.xcdatamodel */;
			path = SaveMyPlace.xcdatamodeld;
			sourceTree = "<group>";
			versionGroupType = wrapper.xcdatamodel;
		};
/* End XCVersionGroup section */
	};
	rootObject = 4DD07D1D29015FA900823843 /* Project object */;
}
